
Microsoft Visual Studio Solution File, Format Version 12.00
Project("{FAE04EC0-301F-11D3-BF4B-00C04F79EFBC}") = "ElectronicStorage", "ElectronicStorage\ElectronicStorage.csproj", "{F94DD788-D36E-4644-B44B-89DF55AAF64C}"
EndProject
Project("{FAE04EC0-301F-11D3-BF4B-00C04F79EFBC}") = "ElectronicStorageBlazor", "ElectronicStorageBlazor\ElectronicStorageBlazor.csproj", "{B790EB3D-E3AC-4C91-8F3B-1126F6041BC5}"
EndProject
Global
	GlobalSection(SolutionConfigurationPlatforms) = preSolution
		Debug|Any CPU = Debug|Any CPU
		Release|Any CPU = Release|Any CPU
	EndGlobalSection
	GlobalSection(ProjectConfigurationPlatforms) = postSolution
		{F94DD788-D36E-4644-B44B-89DF55AAF64C}.Debug|Any CPU.ActiveCfg = Debug|Any CPU
		{F94DD788-D36E-4644-B44B-89DF55AAF64C}.Debug|Any CPU.Build.0 = Debug|Any CPU
		{F94DD788-D36E-4644-B44B-89DF55AAF64C}.Release|Any CPU.ActiveCfg = Release|Any CPU
		{F94DD788-D36E-4644-B44B-89DF55AAF64C}.Release|Any CPU.Build.0 = Release|Any CPU
		{B790EB3D-E3AC-4C91-8F3B-1126F6041BC5}.Debug|Any CPU.ActiveCfg = Debug|Any CPU
		{B790EB3D-E3AC-4C91-8F3B-1126F6041BC5}.Debug|Any CPU.Build.0 = Debug|Any CPU
		{B790EB3D-E3AC-4C91-8F3B-1126F6041BC5}.Release|Any CPU.ActiveCfg = Release|Any CPU
		{B790EB3D-E3AC-4C91-8F3B-1126F6041BC5}.Release|Any CPU.Build.0 = Release|Any CPU
	EndGlobalSection
EndGlobal
